
Microsoft Visual Studio Solution File, Format Version 12.00
# Visual Studio Version 17
VisualStudioVersion = 17.12.35707.178
MinimumVisualStudioVersion = 10.0.40219.1
Project("{FAE04EC0-301F-11D3-BF4B-00C04F79EFBC}") = "netGrpcOne", "Project\netGrpcOne.csproj", "{D9A6EF33-79CA-4DE5-A5B1-C795FBECBC83}"
EndProject
Project("{FAE04EC0-301F-11D3-BF4B-00C04F79EFBC}") = "Benchmark", "Benchmark\Benchmark.csproj", "{C1F2A415-BE48-495B-ABCF-3820B4540BBA}"
EndProject
Global
	GlobalSection(SolutionConfigurationPlatforms) = preSolution
		Debug|Any CPU = Debug|Any CPU
		Release|Any CPU = Release|Any CPU
	EndGlobalSection
	GlobalSection(ProjectConfigurationPlatforms) = postSolution
		{D9A6EF33-79CA-4DE5-A5B1-C795FBECBC83}.Debug|Any CPU.ActiveCfg = Debug|Any CPU
		{D9A6EF33-79CA-4DE5-A5B1-C795FBECBC83}.Debug|Any CPU.Build.0 = Debug|Any CPU
		{D9A6EF33-79CA-4DE5-A5B1-C795FBECBC83}.Release|Any CPU.ActiveCfg = Release|Any CPU
		{D9A6EF33-79CA-4DE5-A5B1-C795FBECBC83}.Release|Any CPU.Build.0 = Release|Any CPU
		{C1F2A415-BE48-495B-ABCF-3820B4540BBA}.Debug|Any CPU.ActiveCfg = Debug|Any CPU
		{C1F2A415-BE48-495B-ABCF-3820B4540BBA}.Debug|Any CPU.Build.0 = Debug|Any CPU
		{C1F2A415-BE48-495B-ABCF-3820B4540BBA}.Release|Any CPU.ActiveCfg = Release|Any CPU
		{C1F2A415-BE48-495B-ABCF-3820B4540BBA}.Release|Any CPU.Build.0 = Release|Any CPU
	EndGlobalSection
	GlobalSection(SolutionProperties) = preSolution
		HideSolutionNode = FALSE
	EndGlobalSection
EndGlobal
